
Microsoft Visual Studio Solution File, Format Version 9.00
# Visual Studio 2005
Project("{8BC9CEB8-8B4A-11D0-8D11-00A0C91BC942}") = "wgl_vs2005", "wgl_vs2005.vcproj", "{DAF35101-5D66-4215-9152-D387EE1B8902}"
EndProject
Global
	GlobalSection(SolutionConfigurationPlatforms) = preSolution
		Debug|Win32 = Debug|Win32
		Release|Win32 = Release|Win32
	EndGlobalSection
	GlobalSection(ProjectConfigurationPlatforms) = postSolution
		{DAF35101-5D66-4215-9152-D387EE1B8902}.Debug|Win32.ActiveCfg = Debug|Win32
		{DAF35101-5D66-4215-9152-D387EE1B8902}.Debug|Win32.Build.0 = Debug|Win32
		{DAF35101-5D66-4215-9152-D387EE1B8902}.Release|Win32.ActiveCfg = Release|Win32
		{DAF35101-5D66-4215-9152-D387EE1B8902}.Release|Win32.Build.0 = Release|Win32
	EndGlobalSection
	GlobalSection(SolutionProperties) = preSolution
		HideSolutionNode = FALSE
	EndGlobalSection
EndGlobal
